
Microsoft Visual Studio Solution File, Format Version 12.00
# Visual Studio 15
Project("{FAE04EC0-301F-11D3-BF4B-00C04F79EFBC}") = "Assembly-CSharp", "Assembly-CSharp.csproj", "{0DB96B5E-72F2-3F64-5635-81D1D4F507AB}"
EndProject
Project("{FAE04EC0-301F-11D3-BF4B-00C04F79EFBC}") = "Assembly-CSharp-firstpass", "Assembly-CSharp-firstpass.csproj", "{DB85F4BD-BF49-908C-E23B-7B558E1FE58D}"
EndProject
Project("{FAE04EC0-301F-11D3-BF4B-00C04F79EFBC}") = "Assembly-CSharp-Editor", "Assembly-CSharp-Editor.csproj", "{8A99459B-EDA6-9370-8BA0-315E3F7E0FD7}"
EndProject
Global
	GlobalSection(SolutionConfigurationPlatforms) = preSolution
		Debug|Any CPU = Debug|Any CPU
		Release|Any CPU = Release|Any CPU
	EndGlobalSection
	GlobalSection(ProjectConfigurationPlatforms) = postSolution
		{0DB96B5E-72F2-3F64-5635-81D1D4F507AB}.Debug|Any CPU.ActiveCfg = Debug|Any CPU
		{0DB96B5E-72F2-3F64-5635-81D1D4F507AB}.Debug|Any CPU.Build.0 = Debug|Any CPU
		{0DB96B5E-72F2-3F64-5635-81D1D4F507AB}.Release|Any CPU.ActiveCfg = Release|Any CPU
		{0DB96B5E-72F2-3F64-5635-81D1D4F507AB}.Release|Any CPU.Build.0 = Release|Any CPU
		{DB85F4BD-BF49-908C-E23B-7B558E1FE58D}.Debug|Any CPU.ActiveCfg = Debug|Any CPU
		{DB85F4BD-BF49-908C-E23B-7B558E1FE58D}.Debug|Any CPU.Build.0 = Debug|Any CPU
		{DB85F4BD-BF49-908C-E23B-7B558E1FE58D}.Release|Any CPU.ActiveCfg = Release|Any CPU
		{DB85F4BD-BF49-908C-E23B-7B558E1FE58D}.Release|Any CPU.Build.0 = Release|Any CPU
		{8A99459B-EDA6-9370-8BA0-315E3F7E0FD7}.Debug|Any CPU.ActiveCfg = Debug|Any CPU
		{8A99459B-EDA6-9370-8BA0-315E3F7E0FD7}.Debug|Any CPU.Build.0 = Debug|Any CPU
		{8A99459B-EDA6-9370-8BA0-315E3F7E0FD7}.Release|Any CPU.ActiveCfg = Release|Any CPU
		{8A99459B-EDA6-9370-8BA0-315E3F7E0FD7}.Release|Any CPU.Build.0 = Release|Any CPU
	EndGlobalSection
	GlobalSection(SolutionProperties) = preSolution
		HideSolutionNode = FALSE
	EndGlobalSection
EndGlobal
